
Microsoft Visual Studio Solution File, Format Version 12.00
# Visual Studio Version 16
VisualStudioVersion = 16.0.32510.428
MinimumVisualStudioVersion = 10.0.40219.1
Project("{FAE04EC0-301F-11D3-BF4B-00C04F79EFBC}") = "MegaMixThumbnailManager", "MegaMixThumbnailManager\MegaMixThumbnailManager.csproj", "{A6777D91-9D2C-4328-8757-0E190E09426A}"
EndProject
Project("{FAE04EC0-301F-11D3-BF4B-00C04F79EFBC}") = "MikuMikuLibrary", "packages\MikuMikuLibrary\MikuMikuLibrary\MikuMikuLibrary.csproj", "{9C7171CA-7379-458F-A9CA-293BBF2C74DC}"
EndProject
Global
	GlobalSection(SolutionConfigurationPlatforms) = preSolution
		Debug|Any CPU = Debug|Any CPU
		Debug|x64 = Debug|x64
		Debug|x86 = Debug|x86
		Release|Any CPU = Release|Any CPU
		Release|x64 = Release|x64
		Release|x86 = Release|x86
	EndGlobalSection
	GlobalSection(ProjectConfigurationPlatforms) = postSolution
		{A6777D91-9D2C-4328-8757-0E190E09426A}.Debug|Any CPU.ActiveCfg = Debug|Any CPU
		{A6777D91-9D2C-4328-8757-0E190E09426A}.Debug|Any CPU.Build.0 = Debug|Any CPU
		{A6777D91-9D2C-4328-8757-0E190E09426A}.Debug|x64.ActiveCfg = Debug|Any CPU
		{A6777D91-9D2C-4328-8757-0E190E09426A}.Debug|x64.Build.0 = Debug|Any CPU
		{A6777D91-9D2C-4328-8757-0E190E09426A}.Debug|x86.ActiveCfg = Debug|Any CPU
		{A6777D91-9D2C-4328-8757-0E190E09426A}.Debug|x86.Build.0 = Debug|Any CPU
		{A6777D91-9D2C-4328-8757-0E190E09426A}.Release|Any CPU.ActiveCfg = Release|Any CPU
		{A6777D91-9D2C-4328-8757-0E190E09426A}.Release|Any CPU.Build.0 = Release|Any CPU
		{A6777D91-9D2C-4328-8757-0E190E09426A}.Release|x64.ActiveCfg = Release|Any CPU
		{A6777D91-9D2C-4328-8757-0E190E09426A}.Release|x64.Build.0 = Release|Any CPU
		{A6777D91-9D2C-4328-8757-0E190E09426A}.Release|x86.ActiveCfg = Release|Any CPU
		{A6777D91-9D2C-4328-8757-0E190E09426A}.Release|x86.Build.0 = Release|Any CPU
		{9C7171CA-7379-458F-A9CA-293BBF2C74DC}.Debug|Any CPU.ActiveCfg = Debug|Any CPU
		{9C7171CA-7379-458F-A9CA-293BBF2C74DC}.Debug|Any CPU.Build.0 = Debug|Any CPU
		{9C7171CA-7379-458F-A9CA-293BBF2C74DC}.Debug|x64.ActiveCfg = Debug|Any CPU
		{9C7171CA-7379-458F-A9CA-293BBF2C74DC}.Debug|x64.Build.0 = Debug|Any CPU
		{9C7171CA-7379-458F-A9CA-293BBF2C74DC}.Debug|x86.ActiveCfg = Debug|Any CPU
		{9C7171CA-7379-458F-A9CA-293BBF2C74DC}.Debug|x86.Build.0 = Debug|Any CPU
		{9C7171CA-7379-458F-A9CA-293BBF2C74DC}.Release|Any CPU.ActiveCfg = Release|Any CPU
		{9C7171CA-7379-458F-A9CA-293BBF2C74DC}.Release|Any CPU.Build.0 = Release|Any CPU
		{9C7171CA-7379-458F-A9CA-293BBF2C74DC}.Release|x64.ActiveCfg = Release|Any CPU
		{9C7171CA-7379-458F-A9CA-293BBF2C74DC}.Release|x64.Build.0 = Release|Any CPU
		{9C7171CA-7379-458F-A9CA-293BBF2C74DC}.Release|x86.ActiveCfg = Release|Any CPU
		{9C7171CA-7379-458F-A9CA-293BBF2C74DC}.Release|x86.Build.0 = Release|Any CPU
	EndGlobalSection
	GlobalSection(SolutionProperties) = preSolution
		HideSolutionNode = FALSE
	EndGlobalSection
	GlobalSection(ExtensibilityGlobals) = postSolution
		SolutionGuid = {BA33F7D1-D500-42BE-B923-A06C7E12BF55}
	EndGlobalSection
EndGlobal
